
Microsoft Visual Studio Solution File, Format Version 12.00
# Visual Studio Version 17
VisualStudioVersion = 17.6.33717.318
MinimumVisualStudioVersion = 10.0.40219.1
Project("{FAE04EC0-301F-11D3-BF4B-00C04F79EFBC}") = "LeetCode", "LeetCode\LeetCode.csproj", "{8D43BC26-C365-4C61-8B77-9167FC66FAAC}"
EndProject
Global
	GlobalSection(SolutionConfigurationPlatforms) = preSolution
		Debug|Any CPU = Debug|Any CPU
		Release|Any CPU = Release|Any CPU
	EndGlobalSection
	GlobalSection(ProjectConfigurationPlatforms) = postSolution
		{8D43BC26-C365-4C61-8B77-9167FC66FAAC}.Debug|Any CPU.ActiveCfg = Debug|Any CPU
		{8D43BC26-C365-4C61-8B77-9167FC66FAAC}.Debug|Any CPU.Build.0 = Debug|Any CPU
		{8D43BC26-C365-4C61-8B77-9167FC66FAAC}.Release|Any CPU.ActiveCfg = Release|Any CPU
		{8D43BC26-C365-4C61-8B77-9167FC66FAAC}.Release|Any CPU.Build.0 = Release|Any CPU
	EndGlobalSection
	GlobalSection(SolutionProperties) = preSolution
		HideSolutionNode = FALSE
	EndGlobalSection
	GlobalSection(ExtensibilityGlobals) = postSolution
		SolutionGuid = {BBA74D08-C143-418B-AD54-355BB7E371E4}
	EndGlobalSection
EndGlobal
